
Microsoft Visual Studio Solution File, Format Version 12.00
# Visual Studio Version 17
VisualStudioVersion = 17.14.36221.1 d17.14
MinimumVisualStudioVersion = 10.0.40219.1
Project("{FAE04EC0-301F-11D3-BF4B-00C04F79EFBC}") = "FamilyBillSystem", "FamilyBillSystem\FamilyBillSystem.csproj", "{EEAF7096-BB36-48BB-B80F-1ED35BA9EF1E}"
EndProject
Global
	GlobalSection(SolutionConfigurationPlatforms) = preSolution
		Debug|Any CPU = Debug|Any CPU
		Release|Any CPU = Release|Any CPU
	EndGlobalSection
	GlobalSection(ProjectConfigurationPlatforms) = postSolution
		{EEAF7096-BB36-48BB-B80F-1ED35BA9EF1E}.Debug|Any CPU.ActiveCfg = Debug|Any CPU
		{EEAF7096-BB36-48BB-B80F-1ED35BA9EF1E}.Debug|Any CPU.Build.0 = Debug|Any CPU
		{EEAF7096-BB36-48BB-B80F-1ED35BA9EF1E}.Release|Any CPU.ActiveCfg = Release|Any CPU
		{EEAF7096-BB36-48BB-B80F-1ED35BA9EF1E}.Release|Any CPU.Build.0 = Release|Any CPU
	EndGlobalSection
	GlobalSection(SolutionProperties) = preSolution
		HideSolutionNode = FALSE
	EndGlobalSection
	GlobalSection(ExtensibilityGlobals) = postSolution
		SolutionGuid = {39A37B4B-75B2-40EA-BEEF-ACD5FBEE1702}
	EndGlobalSection
EndGlobal
